
Microsoft Visual Studio Solution File, Format Version 12.00
# Visual Studio 15
VisualStudioVersion = 15.0.27703.2047
MinimumVisualStudioVersion = 10.0.40219.1
Project("{FAE04EC0-301F-11D3-BF4B-00C04F79EFBC}") = "GarbageCollectionDemo", "Lab9A\GarbageCollectionDemo.csproj", "{7EBD07FF-003C-49D9-921D-1AB6E1281369}"
EndProject
Global
	GlobalSection(SolutionConfigurationPlatforms) = preSolution
		Debug|Any CPU = Debug|Any CPU
		Release|Any CPU = Release|Any CPU
	EndGlobalSection
	GlobalSection(ProjectConfigurationPlatforms) = postSolution
		{7EBD07FF-003C-49D9-921D-1AB6E1281369}.Debug|Any CPU.ActiveCfg = Debug|Any CPU
		{7EBD07FF-003C-49D9-921D-1AB6E1281369}.Debug|Any CPU.Build.0 = Debug|Any CPU
		{7EBD07FF-003C-49D9-921D-1AB6E1281369}.Release|Any CPU.ActiveCfg = Release|Any CPU
		{7EBD07FF-003C-49D9-921D-1AB6E1281369}.Release|Any CPU.Build.0 = Release|Any CPU
	EndGlobalSection
	GlobalSection(SolutionProperties) = preSolution
		HideSolutionNode = FALSE
	EndGlobalSection
	GlobalSection(ExtensibilityGlobals) = postSolution
		SolutionGuid = {6A3C511F-E709-4FE7-A67E-3B6F78BA96B9}
	EndGlobalSection
EndGlobal
